// !$*UTF8*$!
{
	archiveVersion = 1;
	classes = {
	};
	objectVersion = 46;
	objects = {

/* Begin PBXBuildFile section */
		CFAB4ED919768FB90066AB19 /* main.swift in Sources */ = {isa = PBXBuildFile; fileRef = CFAB4ED819768FB90066AB19 /* main.swift */; };
		CFAB4EE11976B9510066AB19 /* ImageProcessor.swift in Sources */ = {isa = PBXBuildFile; fileRef = CFAB4EE01976B9510066AB19 /* ImageProcessor.swift */; };
/* End PBXBuildFile section */

/* Begin PBXCopyFilesBuildPhase section */
		CFAB4ED319768FB90066AB19 /* CopyFiles */ = {
			isa = PBXCopyFilesBuildPhase;
			buildActionMask = 2147483647;
			dstPath = /usr/share/man/man1/;
			dstSubfolderSpec = 0;
			files = (
			);
			runOnlyForDeploymentPostprocessing = 1;
		};
/* End PBXCopyFilesBuildPhase section */

/* Begin PBXFileReference section */
		CFAB4ED519768FB90066AB19 /* rounder */ = {isa = PBXFileReference; explicitFileType = "compiled.mach-o.executable"; includeInIndex = 0; path = rounder; sourceTree = BUILT_PRODUCTS_DIR; };
		CFAB4ED819768FB90066AB19 /* main.swift */ = {isa = PBXFileReference; lastKnownFileType = sourcecode.swift; path = main.swift; sourceTree = "<group>"; };
		CFAB4EE01976B9510066AB19 /* ImageProcessor.swift */ = {isa = PBXFileReference; fileEncoding = 4; lastKnownFileType = sourcecode.swift; path = ImageProcessor.swift; sourceTree = "<group>"; };
/* End PBXFileReference section */

/* Begin PBXFrameworksBuildPhase section */
		CFAB4ED219768FB90066AB19 /* Frameworks */ = {
			isa = PBXFrameworksBuildPhase;
			buildActionMask = 2147483647;
			files = (
			);
			runOnlyForDeploymentPostprocessing = 0;
		};
/* End PBXFrameworksBuildPhase section */

/* Begin PBXGroup section */
		CFAB4ECC19768FB90066AB19 = {
			isa = PBXGroup;
			children = (
				CFAB4ED719768FB90066AB19 /* rounder */,
				CFAB4ED619768FB90066AB19 /* Products */,
			);
			sourceTree = "<group>";
		};
		CFAB4ED619768FB90066AB19 /* Products */ = {
			isa = PBXGroup;
			children = (
				CFAB4ED519768FB90066AB19 /* rounder */,
			);
			name = Products;
			sourceTree = "<group>";
		};
		CFAB4ED719768FB90066AB19 /* rounder */ = {
			isa = PBXGroup;
			children = (
				CFAB4ED819768FB90066AB19 /* main.swift */,
				CFAB4EE01976B9510066AB19 /* ImageProcessor.swift */,
			);
			path = rounder;
			sourceTree = "<group>";
		};
/* End PBXGroup section */

/* Begin PBXNativeTarget section */
		CFAB4ED419768FB90066AB19 /* rounder */ = {
			isa = PBXNativeTarget;
			buildConfigurationList = CFAB4EDC19768FB90066AB19 /* Build configuration list for PBXNativeTarget "rounder" */;
			buildPhases = (
				CFAB4ED119768FB90066AB19 /* Sources */,
				CFAB4ED219768FB90066AB19 /* Frameworks */,
				CFAB4ED319768FB90066AB19 /* CopyFiles */,
			);
			buildRules = (
			);
			dependencies = (
			);
			name = rounder;
			productName = rounder;
			productReference = CFAB4ED519768FB90066AB19 /* rounder */;
			productType = "com.apple.product-type.tool";
		};
/* End PBXNativeTarget section */

/* Begin PBXProject section */
		CFAB4ECD19768FB90066AB19 /* Project object */ = {
			isa = PBXProject;
			attributes = {
				LastUpgradeCheck = 0600;
				ORGANIZATIONNAME = LateNiteSoft;
				TargetAttributes = {
					CFAB4ED419768FB90066AB19 = {
						CreatedOnToolsVersion = 6.0;
					};
				};
			};
			buildConfigurationList = CFAB4ED019768FB90066AB19 /* Build configuration list for PBXProject "rounder" */;
			compatibilityVersion = "Xcode 3.2";
			developmentRegion = English;
			hasScannedForEncodings = 0;
			knownRegions = (
				en,
			);
			mainGroup = CFAB4ECC19768FB90066AB19;
			productRefGroup = CFAB4ED619768FB90066AB19 /* Products */;
			projectDirPath = "";
			projectRoot = "";
			targets = (
				CFAB4ED419768FB90066AB19 /* rounder */,
			);
		};
/* End PBXProject section */

/* Begin PBXSourcesBuildPhase section */
		CFAB4ED119768FB90066AB19 /* Sources */ = {
			isa = PBXSourcesBuildPhase;
			buildActionMask = 2147483647;
			files = (
				CFAB4EE11976B9510066AB19 /* ImageProcessor.swift in Sources */,
				CFAB4ED919768FB90066AB19 /* main.swift in Sources */,
			);
			runOnlyForDeploymentPostprocessing = 0;
		};
/* End PBXSourcesBuildPhase section */

/* Begin XCBuildConfiguration section */
		CFAB4EDA19768FB90066AB19 /* Debug */ = {
			isa = XCBuildConfiguration;
			buildSettings = {
				ALWAYS_SEARCH_USER_PATHS = NO;
				CLANG_CXX_LANGUAGE_STANDARD = "gnu++0x";
				CLANG_CXX_LIBRARY = "libc++";
				CLANG_ENABLE_MODULES = YES;
				CLANG_ENABLE_OBJC_ARC = YES;
				CLANG_WARN_BOOL_CONVERSION = YES;
				CLANG_WARN_CONSTANT_CONVERSION = YES;
				CLANG_WARN_DIRECT_OBJC_ISA_USAGE = YES_ERROR;
				CLANG_WARN_EMPTY_BODY = YES;
				CLANG_WARN_ENUM_CONVERSION = YES;
				CLANG_WARN_INT_CONVERSION = YES;
				CLANG_WARN_OBJC_ROOT_CLASS = YES_ERROR;
				CLANG_WARN_UNREACHABLE_CODE = YES;
				CLANG_WARN__DUPLICATE_METHOD_MATCH = YES;
				COPY_PHASE_STRIP = NO;
				ENABLE_STRICT_OBJC_MSGSEND = YES;
				GCC_C_LANGUAGE_STANDARD = gnu99;
				GCC_DYNAMIC_NO_PIC = NO;
				GCC_OPTIMIZATION_LEVEL = 0;
				GCC_PREPROCESSOR_DEFINITIONS = (
					"DEBUG=1",
					"$(inherited)",
				);
				GCC_SYMBOLS_PRIVATE_EXTERN = NO;
				GCC_WARN_64_TO_32_BIT_CONVERSION = YES;
				GCC_WARN_ABOUT_RETURN_TYPE = YES_ERROR;
				GCC_WARN_UNDECLARED_SELECTOR = YES;
				GCC_WARN_UNINITIALIZED_AUTOS = YES_AGGRESSIVE;
				GCC_WARN_UNUSED_FUNCTION = YES;
				GCC_WARN_UNUSED_VARIABLE = YES;
				MACOSX_DEPLOYMENT_TARGET = 10.9;
				MTL_ENABLE_DEBUG_INFO = YES;
				ONLY_ACTIVE_ARCH = YES;
				SDKROOT = macosx;
				SWIFT_OPTIMIZATION_LEVEL = "-Onone";
			};
			name = Debug;
		};
		CFAB4EDB19768FB90066AB19 /* Release */ = {
			isa = XCBuildConfiguration;
			buildSettings = {
				ALWAYS_SEARCH_USER_PATHS = NO;
				CLANG_CXX_LANGUAGE_STANDARD = "gnu++0x";
				CLANG_CXX_LIBRARY = "libc++";
				CLANG_ENABLE_MODULES = YES;
				CLANG_ENABLE_OBJC_ARC = YES;
				CLANG_WARN_BOOL_CONVERSION = YES;
				CLANG_WARN_CONSTANT_CONVERSION = YES;
				CLANG_WARN_DIRECT_OBJC_ISA_USAGE = YES_ERROR;
				CLANG_WARN_EMPTY_BODY = YES;
				CLANG_WARN_ENUM_CONVERSION = YES;
				CLANG_WARN_INT_CONVERSION = YES;
				CLANG_WARN_OBJC_ROOT_CLASS = YES_ERROR;
				CLANG_WARN_UNREACHABLE_CODE = YES;
				CLANG_WARN__DUPLICATE_METHOD_MATCH = YES;
				COPY_PHASE_STRIP = YES;
				DEBUG_INFORMATION_FORMAT = "dwarf-with-dsym";
				ENABLE_NS_ASSERTIONS = NO;
				ENABLE_STRICT_OBJC_MSGSEND = YES;
				GCC_C_LANGUAGE_STANDARD = gnu99;
				GCC_WARN_64_TO_32_BIT_CONVERSION = YES;
				GCC_WARN_ABOUT_RETURN_TYPE = YES_ERROR;
				GCC_WARN_UNDECLARED_SELECTOR = YES;
				GCC_WARN_UNINITIALIZED_AUTOS = YES_AGGRESSIVE;
				GCC_WARN_UNUSED_FUNCTION = YES;
				GCC_WARN_UNUSED_VARIABLE = YES;
				MACOSX_DEPLOYMENT_TARGET = 10.9;
				MTL_ENABLE_DEBUG_INFO = NO;
				SDKROOT = macosx;
			};
			name = Release;
		};
		CFAB4EDD19768FB90066AB19 /* Debug */ = {
			isa = XCBuildConfiguration;
			buildSettings = {
				PRODUCT_NAME = "$(TARGET_NAME)";
			};
			name = Debug;
		};
		CFAB4EDE19768FB90066AB19 /* Release */ = {
			isa = XCBuildConfiguration;
			buildSettings = {
				PRODUCT_NAME = "$(TARGET_NAME)";
			};
			name = Release;
		};
/* End XCBuildConfiguration section */

/* Begin XCConfigurationList section */
		CFAB4ED019768FB90066AB19 /* Build configuration list for PBXProject "rounder" */ = {
			isa = XCConfigurationList;
			buildConfigurations = (
				CFAB4EDA19768FB90066AB19 /* Debug */,
				CFAB4EDB19768FB90066AB19 /* Release */,
			);
			defaultConfigurationIsVisible = 0;
			defaultConfigurationName = Release;
		};
		CFAB4EDC19768FB90066AB19 /* Build configuration list for PBXNativeTarget "rounder" */ = {
			isa = XCConfigurationList;
			buildConfigurations = (
				CFAB4EDD19768FB90066AB19 /* Debug */,
				CFAB4EDE19768FB90066AB19 /* Release */,
			);
			defaultConfigurationIsVisible = 0;
		};
/* End XCConfigurationList section */
	};
	rootObject = CFAB4ECD19768FB90066AB19 /* Project object */;
}
